
Microsoft Visual Studio Solution File, Format Version 12.00
# Visual Studio 2012
Project("{F2A71F9B-5D33-465A-A702-920D77279786}") = "GoalTrack.Ui.Web", "GoalTrack.Ui.Web\GoalTrack.Ui.Web.fsproj", "{2DCCF3D8-1626-4943-9B1C-944EA0EEF8B8}"
EndProject
Project("{2150E333-8FDC-42A3-9474-1A3956D46DE8}") = ".nuget", ".nuget", "{12648AC0-84AA-48F4-A376-B59B8DA13801}"
	ProjectSection(SolutionItems) = preProject
		.nuget\packages.config = .nuget\packages.config
	EndProjectSection
EndProject
Global
	GlobalSection(SolutionConfigurationPlatforms) = preSolution
		Debug|Any CPU = Debug|Any CPU
		Release|Any CPU = Release|Any CPU
	EndGlobalSection
	GlobalSection(ProjectConfigurationPlatforms) = postSolution
		{2DCCF3D8-1626-4943-9B1C-944EA0EEF8B8}.Debug|Any CPU.ActiveCfg = Debug|Any CPU
		{2DCCF3D8-1626-4943-9B1C-944EA0EEF8B8}.Debug|Any CPU.Build.0 = Debug|Any CPU
		{2DCCF3D8-1626-4943-9B1C-944EA0EEF8B8}.Release|Any CPU.ActiveCfg = Release|Any CPU
		{2DCCF3D8-1626-4943-9B1C-944EA0EEF8B8}.Release|Any CPU.Build.0 = Release|Any CPU
	EndGlobalSection
	GlobalSection(SolutionProperties) = preSolution
		HideSolutionNode = FALSE
	EndGlobalSection
EndGlobal
